// !$*UTF8*$!
{
	archiveVersion = 1;
	classes = {
	};
	objectVersion = 46;
	objects = {

/* Begin PBXBuildFile section */
		4DD790161B4200300015AD5C /* main.m in Sources */ = {isa = PBXBuildFile; fileRef = 4DD790151B4200300015AD5C /* main.m */; };
		4DD790191B4200300015AD5C /* AppDelegate.m in Sources */ = {isa = PBXBuildFile; fileRef = 4DD790181B4200300015AD5C /* AppDelegate.m */; };
		4DD7901C1B4200300015AD5C /* ViewController.m in Sources */ = {isa = PBXBuildFile; fileRef = 4DD7901B1B4200300015AD5C /* ViewController.m */; };
		4DD7901F1B4200300015AD5C /* Main.storyboard in Resources */ = {isa = PBXBuildFile; fileRef = 4DD7901D1B4200300015AD5C /* Main.storyboard */; };
		4DD790211B4200300015AD5C /* Images.xcassets in Resources */ = {isa = PBXBuildFile; fileRef = 4DD790201B4200300015AD5C /* Images.xcassets */; };
		4DD790241B4200300015AD5C /* LaunchScreen.xib in Resources */ = {isa = PBXBuildFile; fileRef = 4DD790221B4200300015AD5C /* LaunchScreen.xib */; };
		4DD790301B4200310015AD5C /* operationTests.m in Sources */ = {isa = PBXBuildFile; fileRef = 4DD7902F1B4200310015AD5C /* operationTests.m */; };
/* End PBXBuildFile section */

/* Begin PBXContainerItemProxy section */
		4DD7902A1B4200310015AD5C /* PBXContainerItemProxy */ = {
			isa = PBXContainerItemProxy;
			containerPortal = 4DD790081B4200300015AD5C /* Project object */;
			proxyType = 1;
			remoteGlobalIDString = 4DD7900F1B4200300015AD5C;
			remoteInfo = operation;
		};
/* End PBXContainerItemProxy section */

/* Begin PBXFileReference section */
		4DD790101B4200300015AD5C /* operation.app */ = {isa = PBXFileReference; explicitFileType = wrapper.application; includeInIndex = 0; path = operation.app; sourceTree = BUILT_PRODUCTS_DIR; };
		4DD790141B4200300015AD5C /* Info.plist */ = {isa = PBXFileReference; lastKnownFileType = text.plist.xml; path = Info.plist; sourceTree = "<group>"; };
		4DD790151B4200300015AD5C /* main.m */ = {isa = PBXFileReference; lastKnownFileType = sourcecode.c.objc; path = main.m; sourceTree = "<group>"; };
		4DD790171B4200300015AD5C /* AppDelegate.h */ = {isa = PBXFileReference; lastKnownFileType = sourcecode.c.h; path = AppDelegate.h; sourceTree = "<group>"; };
		4DD790181B4200300015AD5C /* AppDelegate.m */ = {isa = PBXFileReference; lastKnownFileType = sourcecode.c.objc; path = AppDelegate.m; sourceTree = "<group>"; };
		4DD7901A1B4200300015AD5C /* ViewController.h */ = {isa = PBXFileReference; lastKnownFileType = sourcecode.c.h; path = ViewController.h; sourceTree = "<group>"; };
		4DD7901B1B4200300015AD5C /* ViewController.m */ = {isa = PBXFileReference; lastKnownFileType = sourcecode.c.objc; path = ViewController.m; sourceTree = "<group>"; };
		4DD7901E1B4200300015AD5C /* Base */ = {isa = PBXFileReference; lastKnownFileType = file.storyboard; name = Base; path = Base.lproj/Main.storyboard; sourceTree = "<group>"; };
		4DD790201B4200300015AD5C /* Images.xcassets */ = {isa = PBXFileReference; lastKnownFileType = folder.assetcatalog; path = Images.xcassets; sourceTree = "<group>"; };
		4DD790231B4200300015AD5C /* Base */ = {isa = PBXFileReference; lastKnownFileType = file.xib; name = Base; path = Base.lproj/LaunchScreen.xib; sourceTree = "<group>"; };
		4DD790291B4200310015AD5C /* operationTests.xctest */ = {isa = PBXFileReference; explicitFileType = wrapper.cfbundle; includeInIndex = 0; path = operationTests.xctest; sourceTree = BUILT_PRODUCTS_DIR; };
		4DD7902E1B4200310015AD5C /* Info.plist */ = {isa = PBXFileReference; lastKnownFileType = text.plist.xml; path = Info.plist; sourceTree = "<group>"; };
		4DD7902F1B4200310015AD5C /* operationTests.m */ = {isa = PBXFileReference; lastKnownFileType = sourcecode.c.objc; path = operationTests.m; sourceTree = "<group>"; };
/* End PBXFileReference section */

/* Begin PBXFrameworksBuildPhase section */
		4DD7900D1B4200300015AD5C /* Frameworks */ = {
			isa = PBXFrameworksBuildPhase;
			buildActionMask = 2147483647;
			files = (
			);
			runOnlyForDeploymentPostprocessing = 0;
		};
		4DD790261B4200310015AD5C /* Frameworks */ = {
			isa = PBXFrameworksBuildPhase;
			buildActionMask = 2147483647;
			files = (
			);
			runOnlyForDeploymentPostprocessing = 0;
		};
/* End PBXFrameworksBuildPhase section */

/* Begin PBXGroup section */
		4DD790071B4200300015AD5C = {
			isa = PBXGroup;
			children = (
				4DD790121B4200300015AD5C /* operation */,
				4DD7902C1B4200310015AD5C /* operationTests */,
				4DD790111B4200300015AD5C /* Products */,
			);
			sourceTree = "<group>";
		};
		4DD790111B4200300015AD5C /* Products */ = {
			isa = PBXGroup;
			children = (
				4DD790101B4200300015AD5C /* operation.app */,
				4DD790291B4200310015AD5C /* operationTests.xctest */,
			);
			name = Products;
			sourceTree = "<group>";
		};
		4DD790121B4200300015AD5C /* operation */ = {
			isa = PBXGroup;
			children = (
				4DD790171B4200300015AD5C /* AppDelegate.h */,
				4DD790181B4200300015AD5C /* AppDelegate.m */,
				4DD7901A1B4200300015AD5C /* ViewController.h */,
				4DD7901B1B4200300015AD5C /* ViewController.m */,
				4DD7901D1B4200300015AD5C /* Main.storyboard */,
				4DD790201B4200300015AD5C /* Images.xcassets */,
				4DD790221B4200300015AD5C /* LaunchScreen.xib */,
				4DD790131B4200300015AD5C /* Supporting Files */,
			);
			path = operation;
			sourceTree = "<group>";
		};
		4DD790131B4200300015AD5C /* Supporting Files */ = {
			isa = PBXGroup;
			children = (
				4DD790141B4200300015AD5C /* Info.plist */,
				4DD790151B4200300015AD5C /* main.m */,
			);
			name = "Supporting Files";
			sourceTree = "<group>";
		};
		4DD7902C1B4200310015AD5C /* operationTests */ = {
			isa = PBXGroup;
			children = (
				4DD7902F1B4200310015AD5C /* operationTests.m */,
				4DD7902D1B4200310015AD5C /* Supporting Files */,
			);
			path = operationTests;
			sourceTree = "<group>";
		};
		4DD7902D1B4200310015AD5C /* Supporting Files */ = {
			isa = PBXGroup;
			children = (
				4DD7902E1B4200310015AD5C /* Info.plist */,
			);
			name = "Supporting Files";
			sourceTree = "<group>";
		};
/* End PBXGroup section */

/* Begin PBXNativeTarget section */
		4DD7900F1B4200300015AD5C /* operation */ = {
			isa = PBXNativeTarget;
			buildConfigurationList = 4DD790331B4200310015AD5C /* Build configuration list for PBXNativeTarget "operation" */;
			buildPhases = (
				4DD7900C1B4200300015AD5C /* Sources */,
				4DD7900D1B4200300015AD5C /* Frameworks */,
				4DD7900E1B4200300015AD5C /* Resources */,
			);
			buildRules = (
			);
			dependencies = (
			);
			name = operation;
			productName = operation;
			productReference = 4DD790101B4200300015AD5C /* operation.app */;
			productType = "com.apple.product-type.application";
		};
		4DD790281B4200310015AD5C /* operationTests */ = {
			isa = PBXNativeTarget;
			buildConfigurationList = 4DD790361B4200310015AD5C /* Build configuration list for PBXNativeTarget "operationTests" */;
			buildPhases = (
				4DD790251B4200310015AD5C /* Sources */,
				4DD790261B4200310015AD5C /* Frameworks */,
				4DD790271B4200310015AD5C /* Resources */,
			);
			buildRules = (
			);
			dependencies = (
				4DD7902B1B4200310015AD5C /* PBXTargetDependency */,
			);
			name = operationTests;
			productName = operationTests;
			productReference = 4DD790291B4200310015AD5C /* operationTests.xctest */;
			productType = "com.apple.product-type.bundle.unit-test";
		};
/* End PBXNativeTarget section */

/* Begin PBXProject section */
		4DD790081B4200300015AD5C /* Project object */ = {
			isa = PBXProject;
			attributes = {
				LastUpgradeCheck = 0630;
				ORGANIZATIONNAME = weheartit;
				TargetAttributes = {
					4DD7900F1B4200300015AD5C = {
						CreatedOnToolsVersion = 6.3.2;
					};
					4DD790281B4200310015AD5C = {
						CreatedOnToolsVersion = 6.3.2;
						TestTargetID = 4DD7900F1B4200300015AD5C;
					};
				};
			};
			buildConfigurationList = 4DD7900B1B4200300015AD5C /* Build configuration list for PBXProject "operation" */;
			compatibilityVersion = "Xcode 3.2";
			developmentRegion = English;
			hasScannedForEncodings = 0;
			knownRegions = (
				en,
				Base,
			);
			mainGroup = 4DD790071B4200300015AD5C;
			productRefGroup = 4DD790111B4200300015AD5C /* Products */;
			projectDirPath = "";
			projectRoot = "";
			targets = (
				4DD7900F1B4200300015AD5C /* operation */,
				4DD790281B4200310015AD5C /* operationTests */,
			);
		};
/* End PBXProject section */

/* Begin PBXResourcesBuildPhase section */
		4DD7900E1B4200300015AD5C /* Resources */ = {
			isa = PBXResourcesBuildPhase;
			buildActionMask = 2147483647;
			files = (
				4DD7901F1B4200300015AD5C /* Main.storyboard in Resources */,
				4DD790241B4200300015AD5C /* LaunchScreen.xib in Resources */,
				4DD790211B4200300015AD5C /* Images.xcassets in Resources */,
			);
			runOnlyForDeploymentPostprocessing = 0;
		};
		4DD790271B4200310015AD5C /* Resources */ = {
			isa = PBXResourcesBuildPhase;
			buildActionMask = 2147483647;
			files = (
			);
			runOnlyForDeploymentPostprocessing = 0;
		};
/* End PBXResourcesBuildPhase section */

/* Begin PBXSourcesBuildPhase section */
		4DD7900C1B4200300015AD5C /* Sources */ = {
			isa = PBXSourcesBuildPhase;
			buildActionMask = 2147483647;
			files = (
				4DD7901C1B4200300015AD5C /* ViewController.m in Sources */,
				4DD790191B4200300015AD5C /* AppDelegate.m in Sources */,
				4DD790161B4200300015AD5C /* main.m in Sources */,
			);
			runOnlyForDeploymentPostprocessing = 0;
		};
		4DD790251B4200310015AD5C /* Sources */ = {
			isa = PBXSourcesBuildPhase;
			buildActionMask = 2147483647;
			files = (
				4DD790301B4200310015AD5C /* operationTests.m in Sources */,
			);
			runOnlyForDeploymentPostprocessing = 0;
		};
/* End PBXSourcesBuildPhase section */

/* Begin PBXTargetDependency section */
		4DD7902B1B4200310015AD5C /* PBXTargetDependency */ = {
			isa = PBXTargetDependency;
			target = 4DD7900F1B4200300015AD5C /* operation */;
			targetProxy = 4DD7902A1B4200310015AD5C /* PBXContainerItemProxy */;
		};
/* End PBXTargetDependency section */

/* Begin PBXVariantGroup section */
		4DD7901D1B4200300015AD5C /* Main.storyboard */ = {
			isa = PBXVariantGroup;
			children = (
				4DD7901E1B4200300015AD5C /* Base */,
			);
			name = Main.storyboard;
			sourceTree = "<group>";
		};
		4DD790221B4200300015AD5C /* LaunchScreen.xib */ = {
			isa = PBXVariantGroup;
			children = (
				4DD790231B4200300015AD5C /* Base */,
			);
			name = LaunchScreen.xib;
			sourceTree = "<group>";
		};
/* End PBXVariantGroup section */

/* Begin XCBuildConfiguration section */
		4DD790311B4200310015AD5C /* Debug */ = {
			isa = XCBuildConfiguration;
			buildSettings = {
				ALWAYS_SEARCH_USER_PATHS = NO;
				CLANG_CXX_LANGUAGE_STANDARD = "gnu++0x";
				CLANG_CXX_LIBRARY = "libc++";
				CLANG_ENABLE_MODULES = YES;
				CLANG_ENABLE_OBJC_ARC = YES;
				CLANG_WARN_BOOL_CONVERSION = YES;
				CLANG_WARN_CONSTANT_CONVERSION = YES;
				CLANG_WARN_DIRECT_OBJC_ISA_USAGE = YES_ERROR;
				CLANG_WARN_EMPTY_BODY = YES;
				CLANG_WARN_ENUM_CONVERSION = YES;
				CLANG_WARN_INT_CONVERSION = YES;
				CLANG_WARN_OBJC_ROOT_CLASS = YES_ERROR;
				CLANG_WARN_UNREACHABLE_CODE = YES;
				CLANG_WARN__DUPLICATE_METHOD_MATCH = YES;
				"CODE_SIGN_IDENTITY[sdk=iphoneos*]" = "iPhone Developer";
				COPY_PHASE_STRIP = NO;
				DEBUG_INFORMATION_FORMAT = "dwarf-with-dsym";
				ENABLE_STRICT_OBJC_MSGSEND = YES;
				GCC_C_LANGUAGE_STANDARD = gnu99;
				GCC_DYNAMIC_NO_PIC = NO;
				GCC_NO_COMMON_BLOCKS = YES;
				GCC_OPTIMIZATION_LEVEL = 0;
				GCC_PREPROCESSOR_DEFINITIONS = (
					"DEBUG=1",
					"$(inherited)",
				);
				GCC_SYMBOLS_PRIVATE_EXTERN = NO;
				GCC_WARN_64_TO_32_BIT_CONVERSION = YES;
				GCC_WARN_ABOUT_RETURN_TYPE = YES_ERROR;
				GCC_WARN_UNDECLARED_SELECTOR = YES;
				GCC_WARN_UNINITIALIZED_AUTOS = YES_AGGRESSIVE;
				GCC_WARN_UNUSED_FUNCTION = YES;
				GCC_WARN_UNUSED_VARIABLE = YES;
				IPHONEOS_DEPLOYMENT_TARGET = 8.3;
				MTL_ENABLE_DEBUG_INFO = YES;
				ONLY_ACTIVE_ARCH = YES;
				SDKROOT = iphoneos;
				TARGETED_DEVICE_FAMILY = "1,2";
			};
			name = Debug;
		};
		4DD790321B4200310015AD5C /* Release */ = {
			isa = XCBuildConfiguration;
			buildSettings = {
				ALWAYS_SEARCH_USER_PATHS = NO;
				CLANG_CXX_LANGUAGE_STANDARD = "gnu++0x";
				CLANG_CXX_LIBRARY = "libc++";
				CLANG_ENABLE_MODULES = YES;
				CLANG_ENABLE_OBJC_ARC = YES;
				CLANG_WARN_BOOL_CONVERSION = YES;
				CLANG_WARN_CONSTANT_CONVERSION = YES;
				CLANG_WARN_DIRECT_OBJC_ISA_USAGE = YES_ERROR;
				CLANG_WARN_EMPTY_BODY = YES;
				CLANG_WARN_ENUM_CONVERSION = YES;
				CLANG_WARN_INT_CONVERSION = YES;
				CLANG_WARN_OBJC_ROOT_CLASS = YES_ERROR;
				CLANG_WARN_UNREACHABLE_CODE = YES;
				CLANG_WARN__DUPLICATE_METHOD_MATCH = YES;
				"CODE_SIGN_IDENTITY[sdk=iphoneos*]" = "iPhone Developer";
				COPY_PHASE_STRIP = NO;
				DEBUG_INFORMATION_FORMAT = "dwarf-with-dsym";
				ENABLE_NS_ASSERTIONS = NO;
				ENABLE_STRICT_OBJC_MSGSEND = YES;
				GCC_C_LANGUAGE_STANDARD = gnu99;
				GCC_NO_COMMON_BLOCKS = YES;
				GCC_WARN_64_TO_32_BIT_CONVERSION = YES;
				GCC_WARN_ABOUT_RETURN_TYPE = YES_ERROR;
				GCC_WARN_UNDECLARED_SELECTOR = YES;
				GCC_WARN_UNINITIALIZED_AUTOS = YES_AGGRESSIVE;
				GCC_WARN_UNUSED_FUNCTION = YES;
				GCC_WARN_UNUSED_VARIABLE = YES;
				IPHONEOS_DEPLOYMENT_TARGET = 8.3;
				MTL_ENABLE_DEBUG_INFO = NO;
				SDKROOT = iphoneos;
				TARGETED_DEVICE_FAMILY = "1,2";
				VALIDATE_PRODUCT = YES;
			};
			name = Release;
		};
		4DD790341B4200310015AD5C /* Debug */ = {
			isa = XCBuildConfiguration;
			buildSettings = {
				ASSETCATALOG_COMPILER_APPICON_NAME = AppIcon;
				INFOPLIST_FILE = operation/Info.plist;
				LD_RUNPATH_SEARCH_PATHS = "$(inherited) @executable_path/Frameworks";
				PRODUCT_NAME = "$(TARGET_NAME)";
			};
			name = Debug;
		};
		4DD790351B4200310015AD5C /* Release */ = {
			isa = XCBuildConfiguration;
			buildSettings = {
				ASSETCATALOG_COMPILER_APPICON_NAME = AppIcon;
				INFOPLIST_FILE = operation/Info.plist;
				LD_RUNPATH_SEARCH_PATHS = "$(inherited) @executable_path/Frameworks";
				PRODUCT_NAME = "$(TARGET_NAME)";
			};
			name = Release;
		};
		4DD790371B4200310015AD5C /* Debug */ = {
			isa = XCBuildConfiguration;
			buildSettings = {
				BUNDLE_LOADER = "$(TEST_HOST)";
				FRAMEWORK_SEARCH_PATHS = (
					"$(SDKROOT)/Developer/Library/Frameworks",
					"$(inherited)",
				);
				GCC_PREPROCESSOR_DEFINITIONS = (
					"DEBUG=1",
					"$(inherited)",
				);
				INFOPLIST_FILE = operationTests/Info.plist;
				LD_RUNPATH_SEARCH_PATHS = "$(inherited) @executable_path/Frameworks @loader_path/Frameworks";
				PRODUCT_NAME = "$(TARGET_NAME)";
				TEST_HOST = "$(BUILT_PRODUCTS_DIR)/operation.app/operation";
			};
			name = Debug;
		};
		4DD790381B4200310015AD5C /* Release */ = {
			isa = XCBuildConfiguration;
			buildSettings = {
				BUNDLE_LOADER = "$(TEST_HOST)";
				FRAMEWORK_SEARCH_PATHS = (
					"$(SDKROOT)/Developer/Library/Frameworks",
					"$(inherited)",
				);
				INFOPLIST_FILE = operationTests/Info.plist;
				LD_RUNPATH_SEARCH_PATHS = "$(inherited) @executable_path/Frameworks @loader_path/Frameworks";
				PRODUCT_NAME = "$(TARGET_NAME)";
				TEST_HOST = "$(BUILT_PRODUCTS_DIR)/operation.app/operation";
			};
			name = Release;
		};
/* End XCBuildConfiguration section */

/* Begin XCConfigurationList section */
		4DD7900B1B4200300015AD5C /* Build configuration list for PBXProject "operation" */ = {
			isa = XCConfigurationList;
			buildConfigurations = (
				4DD790311B4200310015AD5C /* Debug */,
				4DD790321B4200310015AD5C /* Release */,
			);
			defaultConfigurationIsVisible = 0;
			defaultConfigurationName = Release;
		};
		4DD790331B4200310015AD5C /* Build configuration list for PBXNativeTarget "operation" */ = {
			isa = XCConfigurationList;
			buildConfigurations = (
				4DD790341B4200310015AD5C /* Debug */,
				4DD790351B4200310015AD5C /* Release */,
			);
			defaultConfigurationIsVisible = 0;
		};
		4DD790361B4200310015AD5C /* Build configuration list for PBXNativeTarget "operationTests" */ = {
			isa = XCConfigurationList;
			buildConfigurations = (
				4DD790371B4200310015AD5C /* Debug */,
				4DD790381B4200310015AD5C /* Release */,
			);
			defaultConfigurationIsVisible = 0;
		};
/* End XCConfigurationList section */
	};
	rootObject = 4DD790081B4200300015AD5C /* Project object */;
}
